
Microsoft Visual Studio Solution File, Format Version 12.00
# Visual Studio Version 16
VisualStudioVersion = 16.0.31105.61
MinimumVisualStudioVersion = 10.0.40219.1
Project("{FAE04EC0-301F-11D3-BF4B-00C04F79EFBC}") = "RollingDiceGame", "RollingDiceGame\RollingDiceGame.csproj", "{783AEB06-1B09-4FA7-BC12-6780A146B09B}"
EndProject
Global
	GlobalSection(SolutionConfigurationPlatforms) = preSolution
		Debug|Any CPU = Debug|Any CPU
		Release|Any CPU = Release|Any CPU
	EndGlobalSection
	GlobalSection(ProjectConfigurationPlatforms) = postSolution
		{783AEB06-1B09-4FA7-BC12-6780A146B09B}.Debug|Any CPU.ActiveCfg = Debug|Any CPU
		{783AEB06-1B09-4FA7-BC12-6780A146B09B}.Debug|Any CPU.Build.0 = Debug|Any CPU
		{783AEB06-1B09-4FA7-BC12-6780A146B09B}.Release|Any CPU.ActiveCfg = Release|Any CPU
		{783AEB06-1B09-4FA7-BC12-6780A146B09B}.Release|Any CPU.Build.0 = Release|Any CPU
	EndGlobalSection
	GlobalSection(SolutionProperties) = preSolution
		HideSolutionNode = FALSE
	EndGlobalSection
	GlobalSection(ExtensibilityGlobals) = postSolution
		SolutionGuid = {14CD60FF-6512-44E4-AA6D-67A4EDF55FF2}
	EndGlobalSection
EndGlobal
